{
  "name": "map",
  "lockfileVersion": 2,
  "requires": true,
  "packages": {
    "": {
      "dependencies": {
        "proj4leaflet": "^1.0.2"
      }
    },
    "node_modules/mgrs": {
      "version": "1.0.0",
      "resolved": "https://registry.npmjs.org/mgrs/-/mgrs-1.0.0.tgz",
      "integrity": "sha512-awNbTOqCxK1DBGjalK3xqWIstBZgN6fxsMSiXLs9/spqWkF2pAhb2rrYCFSsr1/tT7PhcDGjZndG8SWYn0byYA=="
    },
    "node_modules/proj4": {
      "version": "2.9.0",
      "resolved": "https://registry.npmjs.org/proj4/-/proj4-2.9.0.tgz",
      "integrity": "sha512-BoDXEzCVnRJVZoOKA0QHTFtYoE8lUxtX1jST38DJ8U+v1ixY70Kpwi0Llu6YqSWEH2xqu4XMEBNGcgeRIEywoA==",
      "dependencies": {
        "mgrs": "1.0.0",
        "wkt-parser": "^1.3.1"
      }
    },
    "node_modules/proj4leaflet": {
      "version": "1.0.2",
      "resolved": "https://registry.npmjs.org/proj4leaflet/-/proj4leaflet-1.0.2.tgz",
      "integrity": "sha512-6GdDeUlhX/tHUiMEj80xQhlPjwrXcdfD0D5OBymY8WvxfbmZcdhNqQk7n7nFf53ue6QdP9ls9ZPjsAxnbZDTsw==",
      "dependencies": {
        "proj4": "^2.3.14"
      }
    },
    "node_modules/wkt-parser": {
      "version": "1.3.3",
      "resolved": "https://registry.npmjs.org/wkt-parser/-/wkt-parser-1.3.3.tgz",
      "integrity": "sha512-ZnV3yH8/k58ZPACOXeiHaMuXIiaTk1t0hSUVisbO0t4RjA5wPpUytcxeyiN2h+LZRrmuHIh/1UlrR9e7DHDvTw=="
    }
  },
  "dependencies": {
    "mgrs": {
      "version": "1.0.0",
      "resolved": "https://registry.npmjs.org/mgrs/-/mgrs-1.0.0.tgz",
      "integrity": "sha512-awNbTOqCxK1DBGjalK3xqWIstBZgN6fxsMSiXLs9/spqWkF2pAhb2rrYCFSsr1/tT7PhcDGjZndG8SWYn0byYA=="
    },
    "proj4": {
      "version": "2.9.0",
      "resolved": "https://registry.npmjs.org/proj4/-/proj4-2.9.0.tgz",
      "integrity": "sha512-BoDXEzCVnRJVZoOKA0QHTFtYoE8lUxtX1jST38DJ8U+v1ixY70Kpwi0Llu6YqSWEH2xqu4XMEBNGcgeRIEywoA==",
      "requires": {
        "mgrs": "1.0.0",
        "wkt-parser": "^1.3.1"
      }
    },
    "proj4leaflet": {
      "version": "1.0.2",
      "resolved": "https://registry.npmjs.org/proj4leaflet/-/proj4leaflet-1.0.2.tgz",
      "integrity": "sha512-6GdDeUlhX/tHUiMEj80xQhlPjwrXcdfD0D5OBymY8WvxfbmZcdhNqQk7n7nFf53ue6QdP9ls9ZPjsAxnbZDTsw==",
      "requires": {
        "proj4": "^2.3.14"
      }
    },
    "wkt-parser": {
      "version": "1.3.3",
      "resolved": "https://registry.npmjs.org/wkt-parser/-/wkt-parser-1.3.3.tgz",
      "integrity": "sha512-ZnV3yH8/k58ZPACOXeiHaMuXIiaTk1t0hSUVisbO0t4RjA5wPpUytcxeyiN2h+LZRrmuHIh/1UlrR9e7DHDvTw=="
    }
  }
}
